
Microsoft Visual Studio Solution File, Format Version 12.00
# Visual Studio Version 17
VisualStudioVersion = 17.13.35931.197
MinimumVisualStudioVersion = 10.0.40219.1
Project("{FAE04EC0-301F-11D3-BF4B-00C04F79EFBC}") = "POSApp", "POSApp\POSApp.csproj", "{5F264A4B-7918-46CB-A970-E2A0D0788259}"
EndProject
Global
	GlobalSection(SolutionConfigurationPlatforms) = preSolution
		Debug|Any CPU = Debug|Any CPU
		Release|Any CPU = Release|Any CPU
	EndGlobalSection
	GlobalSection(ProjectConfigurationPlatforms) = postSolution
		{5F264A4B-7918-46CB-A970-E2A0D0788259}.Debug|Any CPU.ActiveCfg = Debug|Any CPU
		{5F264A4B-7918-46CB-A970-E2A0D0788259}.Debug|Any CPU.Build.0 = Debug|Any CPU
		{5F264A4B-7918-46CB-A970-E2A0D0788259}.Release|Any CPU.ActiveCfg = Release|Any CPU
		{5F264A4B-7918-46CB-A970-E2A0D0788259}.Release|Any CPU.Build.0 = Release|Any CPU
	EndGlobalSection
	GlobalSection(SolutionProperties) = preSolution
		HideSolutionNode = FALSE
	EndGlobalSection
	GlobalSection(ExtensibilityGlobals) = postSolution
		SolutionGuid = {4350C70A-3C84-42F5-9C15-4A29054543F6}
	EndGlobalSection
EndGlobal
